
Microsoft Visual Studio Solution File, Format Version 12.00
# Visual Studio Version 16
VisualStudioVersion = 16.0.29503.13
MinimumVisualStudioVersion = 10.0.40219.1
Project("{FAE04EC0-301F-11D3-BF4B-00C04F79EFBC}") = "FunctionAppTest2", "FunctionAppTest2\FunctionAppTest2.csproj", "{C99D77CF-0805-4C97-8835-D4735676F8EB}"
EndProject
Global
	GlobalSection(SolutionConfigurationPlatforms) = preSolution
		Debug|Any CPU = Debug|Any CPU
		Release|Any CPU = Release|Any CPU
	EndGlobalSection
	GlobalSection(ProjectConfigurationPlatforms) = postSolution
		{C99D77CF-0805-4C97-8835-D4735676F8EB}.Debug|Any CPU.ActiveCfg = Debug|Any CPU
		{C99D77CF-0805-4C97-8835-D4735676F8EB}.Debug|Any CPU.Build.0 = Debug|Any CPU
		{C99D77CF-0805-4C97-8835-D4735676F8EB}.Release|Any CPU.ActiveCfg = Release|Any CPU
		{C99D77CF-0805-4C97-8835-D4735676F8EB}.Release|Any CPU.Build.0 = Release|Any CPU
	EndGlobalSection
	GlobalSection(SolutionProperties) = preSolution
		HideSolutionNode = FALSE
	EndGlobalSection
	GlobalSection(ExtensibilityGlobals) = postSolution
		SolutionGuid = {30BDD03B-20C6-4B78-ACBD-4FD6C7D2E563}
	EndGlobalSection
EndGlobal
